
Microsoft Visual Studio Solution File, Format Version 12.00
# Visual Studio Version 17
VisualStudioVersion = 17.14.36212.18 d17.14
MinimumVisualStudioVersion = 10.0.40219.1
Project("{FAE04EC0-301F-11D3-BF4B-00C04F79EFBC}") = "WoodTrack.Api", "WoodTrack.Api\WoodTrack.Api.csproj", "{9914431B-D0D4-48DE-949F-3EE136D981B6}"
EndProject
Project("{FAE04EC0-301F-11D3-BF4B-00C04F79EFBC}") = "WoodTrack.Core", "WoodTrack.Core\WoodTrack.Core.csproj", "{544B52C7-6AA1-42BE-86FE-87950902BC57}"
EndProject
Project("{FAE04EC0-301F-11D3-BF4B-00C04F79EFBC}") = "WoodTrack.BLL", "WoodTrack.BLL\WoodTrack.BLL.csproj", "{F1D7ADE8-4F80-464A-B15D-BAE627A325DE}"
EndProject
Project("{FAE04EC0-301F-11D3-BF4B-00C04F79EFBC}") = "WoodTrack.Common", "WoodTrack.Common\WoodTrack.Common.csproj", "{705FA41F-75DD-4FB2-A57D-5FCE915332AA}"
EndProject
Project("{FAE04EC0-301F-11D3-BF4B-00C04F79EFBC}") = "WoodTrack.Subscriber", "WoodTrack.Subscriber\WoodTrack.Subscriber.csproj", "{E2FDA01B-F17F-4B04-AAA8-4D788D568928}"
EndProject
Global
	GlobalSection(SolutionConfigurationPlatforms) = preSolution
		Debug|Any CPU = Debug|Any CPU
		Release|Any CPU = Release|Any CPU
	EndGlobalSection
	GlobalSection(ProjectConfigurationPlatforms) = postSolution
		{9914431B-D0D4-48DE-949F-3EE136D981B6}.Debug|Any CPU.ActiveCfg = Debug|Any CPU
		{9914431B-D0D4-48DE-949F-3EE136D981B6}.Debug|Any CPU.Build.0 = Debug|Any CPU
		{9914431B-D0D4-48DE-949F-3EE136D981B6}.Release|Any CPU.ActiveCfg = Release|Any CPU
		{9914431B-D0D4-48DE-949F-3EE136D981B6}.Release|Any CPU.Build.0 = Release|Any CPU
		{544B52C7-6AA1-42BE-86FE-87950902BC57}.Debug|Any CPU.ActiveCfg = Debug|Any CPU
		{544B52C7-6AA1-42BE-86FE-87950902BC57}.Debug|Any CPU.Build.0 = Debug|Any CPU
		{544B52C7-6AA1-42BE-86FE-87950902BC57}.Release|Any CPU.ActiveCfg = Release|Any CPU
		{544B52C7-6AA1-42BE-86FE-87950902BC57}.Release|Any CPU.Build.0 = Release|Any CPU
		{F1D7ADE8-4F80-464A-B15D-BAE627A325DE}.Debug|Any CPU.ActiveCfg = Debug|Any CPU
		{F1D7ADE8-4F80-464A-B15D-BAE627A325DE}.Debug|Any CPU.Build.0 = Debug|Any CPU
		{F1D7ADE8-4F80-464A-B15D-BAE627A325DE}.Release|Any CPU.ActiveCfg = Release|Any CPU
		{F1D7ADE8-4F80-464A-B15D-BAE627A325DE}.Release|Any CPU.Build.0 = Release|Any CPU
		{705FA41F-75DD-4FB2-A57D-5FCE915332AA}.Debug|Any CPU.ActiveCfg = Debug|Any CPU
		{705FA41F-75DD-4FB2-A57D-5FCE915332AA}.Debug|Any CPU.Build.0 = Debug|Any CPU
		{705FA41F-75DD-4FB2-A57D-5FCE915332AA}.Release|Any CPU.ActiveCfg = Release|Any CPU
		{705FA41F-75DD-4FB2-A57D-5FCE915332AA}.Release|Any CPU.Build.0 = Release|Any CPU
		{E2FDA01B-F17F-4B04-AAA8-4D788D568928}.Debug|Any CPU.ActiveCfg = Debug|Any CPU
		{E2FDA01B-F17F-4B04-AAA8-4D788D568928}.Debug|Any CPU.Build.0 = Debug|Any CPU
		{E2FDA01B-F17F-4B04-AAA8-4D788D568928}.Release|Any CPU.ActiveCfg = Release|Any CPU
		{E2FDA01B-F17F-4B04-AAA8-4D788D568928}.Release|Any CPU.Build.0 = Release|Any CPU
	EndGlobalSection
	GlobalSection(SolutionProperties) = preSolution
		HideSolutionNode = FALSE
	EndGlobalSection
	GlobalSection(ExtensibilityGlobals) = postSolution
		SolutionGuid = {85F89E24-B4F1-4483-9786-6E67A2A73902}
	EndGlobalSection
EndGlobal
